
Microsoft Visual Studio Solution File, Format Version 12.00
# Visual Studio Version 17
VisualStudioVersion = 17.9.34616.47
MinimumVisualStudioVersion = 10.0.40219.1
Project("{8BC9CEB8-8B4A-11D0-8D11-00A0C91BC942}") = "Pertemuan 3", "Pertemuan 3\Pertemuan 3.vcxproj", "{E43FD3BF-1238-4780-B6C8-F9D3721AF893}"
EndProject
Project("{8BC9CEB8-8B4A-11D0-8D11-00A0C91BC942}") = "Pertemuan 3 part 2", "Pertemuan 3 part 2\Pertemuan 3 part 2.vcxproj", "{19A2577B-A8B7-455B-AC5D-2435A06DDF2A}"
EndProject
Project("{8BC9CEB8-8B4A-11D0-8D11-00A0C91BC942}") = "Pertemuan 3 part 3", "Pertemuan 3 part 3\Pertemuan 3 part 3.vcxproj", "{8746BA7D-DCDA-4BD9-8582-E59742A9DF40}"
EndProject
Project("{8BC9CEB8-8B4A-11D0-8D11-00A0C91BC942}") = "Pertemuan 3 part 4", "Pertemuan 3 part 4\Pertemuan 3 part 4.vcxproj", "{8B3B5B94-6DF4-45BF-B03C-CE23634F337B}"
EndProject
Project("{8BC9CEB8-8B4A-11D0-8D11-00A0C91BC942}") = "Pertemuan 3 part  5", "Pertemuan 3 part  5\Pertemuan 3 part  5.vcxproj", "{FF708759-4314-4DAD-8C76-84F223B2027D}"
EndProject
Global
	GlobalSection(SolutionConfigurationPlatforms) = preSolution
		Debug|x64 = Debug|x64
		Debug|x86 = Debug|x86
		Release|x64 = Release|x64
		Release|x86 = Release|x86
	EndGlobalSection
	GlobalSection(ProjectConfigurationPlatforms) = postSolution
		{E43FD3BF-1238-4780-B6C8-F9D3721AF893}.Debug|x64.ActiveCfg = Debug|x64
		{E43FD3BF-1238-4780-B6C8-F9D3721AF893}.Debug|x64.Build.0 = Debug|x64
		{E43FD3BF-1238-4780-B6C8-F9D3721AF893}.Debug|x86.ActiveCfg = Debug|Win32
		{E43FD3BF-1238-4780-B6C8-F9D3721AF893}.Debug|x86.Build.0 = Debug|Win32
		{E43FD3BF-1238-4780-B6C8-F9D3721AF893}.Release|x64.ActiveCfg = Release|x64
		{E43FD3BF-1238-4780-B6C8-F9D3721AF893}.Release|x64.Build.0 = Release|x64
		{E43FD3BF-1238-4780-B6C8-F9D3721AF893}.Release|x86.ActiveCfg = Release|Win32
		{E43FD3BF-1238-4780-B6C8-F9D3721AF893}.Release|x86.Build.0 = Release|Win32
		{19A2577B-A8B7-455B-AC5D-2435A06DDF2A}.Debug|x64.ActiveCfg = Debug|x64
		{19A2577B-A8B7-455B-AC5D-2435A06DDF2A}.Debug|x64.Build.0 = Debug|x64
		{19A2577B-A8B7-455B-AC5D-2435A06DDF2A}.Debug|x86.ActiveCfg = Debug|Win32
		{19A2577B-A8B7-455B-AC5D-2435A06DDF2A}.Debug|x86.Build.0 = Debug|Win32
		{19A2577B-A8B7-455B-AC5D-2435A06DDF2A}.Release|x64.ActiveCfg = Release|x64
		{19A2577B-A8B7-455B-AC5D-2435A06DDF2A}.Release|x64.Build.0 = Release|x64
		{19A2577B-A8B7-455B-AC5D-2435A06DDF2A}.Release|x86.ActiveCfg = Release|Win32
		{19A2577B-A8B7-455B-AC5D-2435A06DDF2A}.Release|x86.Build.0 = Release|Win32
		{8746BA7D-DCDA-4BD9-8582-E59742A9DF40}.Debug|x64.ActiveCfg = Debug|x64
		{8746BA7D-DCDA-4BD9-8582-E59742A9DF40}.Debug|x64.Build.0 = Debug|x64
		{8746BA7D-DCDA-4BD9-8582-E59742A9DF40}.Debug|x86.ActiveCfg = Debug|Win32
		{8746BA7D-DCDA-4BD9-8582-E59742A9DF40}.Debug|x86.Build.0 = Debug|Win32
		{8746BA7D-DCDA-4BD9-8582-E59742A9DF40}.Release|x64.ActiveCfg = Release|x64
		{8746BA7D-DCDA-4BD9-8582-E59742A9DF40}.Release|x64.Build.0 = Release|x64
		{8746BA7D-DCDA-4BD9-8582-E59742A9DF40}.Release|x86.ActiveCfg = Release|Win32
		{8746BA7D-DCDA-4BD9-8582-E59742A9DF40}.Release|x86.Build.0 = Release|Win32
		{8B3B5B94-6DF4-45BF-B03C-CE23634F337B}.Debug|x64.ActiveCfg = Debug|x64
		{8B3B5B94-6DF4-45BF-B03C-CE23634F337B}.Debug|x64.Build.0 = Debug|x64
		{8B3B5B94-6DF4-45BF-B03C-CE23634F337B}.Debug|x86.ActiveCfg = Debug|Win32
		{8B3B5B94-6DF4-45BF-B03C-CE23634F337B}.Debug|x86.Build.0 = Debug|Win32
		{8B3B5B94-6DF4-45BF-B03C-CE23634F337B}.Release|x64.ActiveCfg = Release|x64
		{8B3B5B94-6DF4-45BF-B03C-CE23634F337B}.Release|x64.Build.0 = Release|x64
		{8B3B5B94-6DF4-45BF-B03C-CE23634F337B}.Release|x86.ActiveCfg = Release|Win32
		{8B3B5B94-6DF4-45BF-B03C-CE23634F337B}.Release|x86.Build.0 = Release|Win32
		{FF708759-4314-4DAD-8C76-84F223B2027D}.Debug|x64.ActiveCfg = Debug|x64
		{FF708759-4314-4DAD-8C76-84F223B2027D}.Debug|x64.Build.0 = Debug|x64
		{FF708759-4314-4DAD-8C76-84F223B2027D}.Debug|x86.ActiveCfg = Debug|Win32
		{FF708759-4314-4DAD-8C76-84F223B2027D}.Debug|x86.Build.0 = Debug|Win32
		{FF708759-4314-4DAD-8C76-84F223B2027D}.Release|x64.ActiveCfg = Release|x64
		{FF708759-4314-4DAD-8C76-84F223B2027D}.Release|x64.Build.0 = Release|x64
		{FF708759-4314-4DAD-8C76-84F223B2027D}.Release|x86.ActiveCfg = Release|Win32
		{FF708759-4314-4DAD-8C76-84F223B2027D}.Release|x86.Build.0 = Release|Win32
	EndGlobalSection
	GlobalSection(SolutionProperties) = preSolution
		HideSolutionNode = FALSE
	EndGlobalSection
	GlobalSection(ExtensibilityGlobals) = postSolution
		SolutionGuid = {FDA6852E-62D4-4232-B9A1-BB57D86CDAC6}
	EndGlobalSection
EndGlobal
